
Microsoft Visual Studio Solution File, Format Version 12.00
# Visual Studio Version 17
VisualStudioVersion = 17.9.34728.123
MinimumVisualStudioVersion = 10.0.40219.1
Project("{FAE04EC0-301F-11D3-BF4B-00C04F79EFBC}") = "ASPWebAPICRUD", "ASPWebAPICRUD\ASPWebAPICRUD.csproj", "{D070F8A0-DF81-4022-A2E0-7DC9CABE459B}"
EndProject
Global
	GlobalSection(SolutionConfigurationPlatforms) = preSolution
		Debug|Any CPU = Debug|Any CPU
		Release|Any CPU = Release|Any CPU
	EndGlobalSection
	GlobalSection(ProjectConfigurationPlatforms) = postSolution
		{D070F8A0-DF81-4022-A2E0-7DC9CABE459B}.Debug|Any CPU.ActiveCfg = Debug|Any CPU
		{D070F8A0-DF81-4022-A2E0-7DC9CABE459B}.Debug|Any CPU.Build.0 = Debug|Any CPU
		{D070F8A0-DF81-4022-A2E0-7DC9CABE459B}.Release|Any CPU.ActiveCfg = Release|Any CPU
		{D070F8A0-DF81-4022-A2E0-7DC9CABE459B}.Release|Any CPU.Build.0 = Release|Any CPU
	EndGlobalSection
	GlobalSection(SolutionProperties) = preSolution
		HideSolutionNode = FALSE
	EndGlobalSection
	GlobalSection(ExtensibilityGlobals) = postSolution
		SolutionGuid = {7C82E44A-C255-4EBB-9AA4-5801C3EA2189}
	EndGlobalSection
EndGlobal
