
Microsoft Visual Studio Solution File, Format Version 12.00
# Visual Studio Version 17
VisualStudioVersion = 17.9.34728.123
MinimumVisualStudioVersion = 10.0.40219.1
Project("{FAE04EC0-301F-11D3-BF4B-00C04F79EFBC}") = "ASPCoreWebAPISimple", "ASPCoreWebAPISimple\ASPCoreWebAPISimple.csproj", "{FF37C465-12FF-4D4E-82E3-BFD4704DC294}"
EndProject
Global
	GlobalSection(SolutionConfigurationPlatforms) = preSolution
		Debug|Any CPU = Debug|Any CPU
		Release|Any CPU = Release|Any CPU
	EndGlobalSection
	GlobalSection(ProjectConfigurationPlatforms) = postSolution
		{FF37C465-12FF-4D4E-82E3-BFD4704DC294}.Debug|Any CPU.ActiveCfg = Debug|Any CPU
		{FF37C465-12FF-4D4E-82E3-BFD4704DC294}.Debug|Any CPU.Build.0 = Debug|Any CPU
		{FF37C465-12FF-4D4E-82E3-BFD4704DC294}.Release|Any CPU.ActiveCfg = Release|Any CPU
		{FF37C465-12FF-4D4E-82E3-BFD4704DC294}.Release|Any CPU.Build.0 = Release|Any CPU
	EndGlobalSection
	GlobalSection(SolutionProperties) = preSolution
		HideSolutionNode = FALSE
	EndGlobalSection
	GlobalSection(ExtensibilityGlobals) = postSolution
		SolutionGuid = {013EFB9F-036C-4ED8-BCD7-6AFD89F8341D}
	EndGlobalSection
EndGlobal
